
Microsoft Visual Studio Solution File, Format Version 12.00
# Visual Studio 14
VisualStudioVersion = 14.0.25420.1
MinimumVisualStudioVersion = 10.0.40219.1
Project("{FAE04EC0-301F-11D3-BF4B-00C04F79EFBC}") = "01复习", "01复习\01复习.csproj", "{21FD184F-414B-49BC-B928-79F4C12BAAFD}"
EndProject
Global
	GlobalSection(SolutionConfigurationPlatforms) = preSolution
		Debug|Any CPU = Debug|Any CPU
		Release|Any CPU = Release|Any CPU
	EndGlobalSection
	GlobalSection(ProjectConfigurationPlatforms) = postSolution
		{21FD184F-414B-49BC-B928-79F4C12BAAFD}.Debug|Any CPU.ActiveCfg = Debug|Any CPU
		{21FD184F-414B-49BC-B928-79F4C12BAAFD}.Debug|Any CPU.Build.0 = Debug|Any CPU
		{21FD184F-414B-49BC-B928-79F4C12BAAFD}.Release|Any CPU.ActiveCfg = Release|Any CPU
		{21FD184F-414B-49BC-B928-79F4C12BAAFD}.Release|Any CPU.Build.0 = Release|Any CPU
	EndGlobalSection
	GlobalSection(SolutionProperties) = preSolution
		HideSolutionNode = FALSE
	EndGlobalSection
EndGlobal
